
Microsoft Visual Studio Solution File, Format Version 12.00
# Visual Studio Version 17
VisualStudioVersion = 17.14.36301.6
MinimumVisualStudioVersion = 10.0.40219.1
Project("{FAE04EC0-301F-11D3-BF4B-00C04F79EFBC}") = "ERPSystem.Domain", "ERPSystem.Domain\ERPSystem.Domain.csproj", "{0D443170-A959-464D-8820-CF85ED8039FD}"
EndProject
Project("{FAE04EC0-301F-11D3-BF4B-00C04F79EFBC}") = "ERPSystem.Application", "ERPSystem.Application\ERPSystem.Application.csproj", "{967C8972-53D4-45B8-804A-E5E5682F0276}"
EndProject
Project("{FAE04EC0-301F-11D3-BF4B-00C04F79EFBC}") = "ERPSystem.Infrastructure", "ERPSystem.Infrastructure\ERPSystem.Infrastructure.csproj", "{C5B29E57-869C-49C2-87A4-CB07B9299E32}"
EndProject
Project("{FAE04EC0-301F-11D3-BF4B-00C04F79EFBC}") = "ERPSyatem.API", "ERPSyatem.API\ERPSyatem.API.csproj", "{A1C648EE-DE0B-405B-915D-8FE8D5B09C28}"
EndProject
Global
	GlobalSection(SolutionConfigurationPlatforms) = preSolution
		Debug|Any CPU = Debug|Any CPU
		Release|Any CPU = Release|Any CPU
	EndGlobalSection
	GlobalSection(ProjectConfigurationPlatforms) = postSolution
		{0D443170-A959-464D-8820-CF85ED8039FD}.Debug|Any CPU.ActiveCfg = Debug|Any CPU
		{0D443170-A959-464D-8820-CF85ED8039FD}.Debug|Any CPU.Build.0 = Debug|Any CPU
		{0D443170-A959-464D-8820-CF85ED8039FD}.Release|Any CPU.ActiveCfg = Release|Any CPU
		{0D443170-A959-464D-8820-CF85ED8039FD}.Release|Any CPU.Build.0 = Release|Any CPU
		{967C8972-53D4-45B8-804A-E5E5682F0276}.Debug|Any CPU.ActiveCfg = Debug|Any CPU
		{967C8972-53D4-45B8-804A-E5E5682F0276}.Debug|Any CPU.Build.0 = Debug|Any CPU
		{967C8972-53D4-45B8-804A-E5E5682F0276}.Release|Any CPU.ActiveCfg = Release|Any CPU
		{967C8972-53D4-45B8-804A-E5E5682F0276}.Release|Any CPU.Build.0 = Release|Any CPU
		{C5B29E57-869C-49C2-87A4-CB07B9299E32}.Debug|Any CPU.ActiveCfg = Debug|Any CPU
		{C5B29E57-869C-49C2-87A4-CB07B9299E32}.Debug|Any CPU.Build.0 = Debug|Any CPU
		{C5B29E57-869C-49C2-87A4-CB07B9299E32}.Release|Any CPU.ActiveCfg = Release|Any CPU
		{C5B29E57-869C-49C2-87A4-CB07B9299E32}.Release|Any CPU.Build.0 = Release|Any CPU
		{A1C648EE-DE0B-405B-915D-8FE8D5B09C28}.Debug|Any CPU.ActiveCfg = Debug|Any CPU
		{A1C648EE-DE0B-405B-915D-8FE8D5B09C28}.Debug|Any CPU.Build.0 = Debug|Any CPU
		{A1C648EE-DE0B-405B-915D-8FE8D5B09C28}.Release|Any CPU.ActiveCfg = Release|Any CPU
		{A1C648EE-DE0B-405B-915D-8FE8D5B09C28}.Release|Any CPU.Build.0 = Release|Any CPU
	EndGlobalSection
	GlobalSection(SolutionProperties) = preSolution
		HideSolutionNode = FALSE
	EndGlobalSection
	GlobalSection(ExtensibilityGlobals) = postSolution
		SolutionGuid = {311E1A16-72AC-4F47-B58A-E90D736D2270}
	EndGlobalSection
EndGlobal
